// !$*UTF8*$!
{
	archiveVersion = 1;
	classes = {
	};
	objectVersion = 46;
	objects = {

/* Begin PBXBuildFile section */
		8969E8761818E5F2004B705D /* Foundation.framework in Frameworks */ = {isa = PBXBuildFile; fileRef = 8969E8751818E5F2004B705D /* Foundation.framework */; };
		8969E8781818E5F2004B705D /* CoreGraphics.framework in Frameworks */ = {isa = PBXBuildFile; fileRef = 8969E8771818E5F2004B705D /* CoreGraphics.framework */; };
		8969E87A1818E5F2004B705D /* UIKit.framework in Frameworks */ = {isa = PBXBuildFile; fileRef = 8969E8791818E5F2004B705D /* UIKit.framework */; };
		8969E8801818E5F2004B705D /* InfoPlist.strings in Resources */ = {isa = PBXBuildFile; fileRef = 8969E87E1818E5F2004B705D /* InfoPlist.strings */; };
		8969E8821818E5F2004B705D /* main.m in Sources */ = {isa = PBXBuildFile; fileRef = 8969E8811818E5F2004B705D /* main.m */; };
		8969E8861818E5F2004B705D /* EPAppDelegate.m in Sources */ = {isa = PBXBuildFile; fileRef = 8969E8851818E5F2004B705D /* EPAppDelegate.m */; };
		8969E8891818E5F2004B705D /* Main_iPhone.storyboard in Resources */ = {isa = PBXBuildFile; fileRef = 8969E8871818E5F2004B705D /* Main_iPhone.storyboard */; };
		8969E88C1818E5F2004B705D /* Main_iPad.storyboard in Resources */ = {isa = PBXBuildFile; fileRef = 8969E88A1818E5F2004B705D /* Main_iPad.storyboard */; };
		8969E88F1818E5F2004B705D /* EPViewController.m in Sources */ = {isa = PBXBuildFile; fileRef = 8969E88E1818E5F2004B705D /* EPViewController.m */; };
		8969E8911818E5F2004B705D /* Images.xcassets in Resources */ = {isa = PBXBuildFile; fileRef = 8969E8901818E5F2004B705D /* Images.xcassets */; };
		8969E8981818E5F3004B705D /* XCTest.framework in Frameworks */ = {isa = PBXBuildFile; fileRef = 8969E8971818E5F3004B705D /* XCTest.framework */; };
		8969E8991818E5F3004B705D /* Foundation.framework in Frameworks */ = {isa = PBXBuildFile; fileRef = 8969E8751818E5F2004B705D /* Foundation.framework */; };
		8969E89A1818E5F3004B705D /* UIKit.framework in Frameworks */ = {isa = PBXBuildFile; fileRef = 8969E8791818E5F2004B705D /* UIKit.framework */; };
		8969E8A21818E5F3004B705D /* InfoPlist.strings in Resources */ = {isa = PBXBuildFile; fileRef = 8969E8A01818E5F3004B705D /* InfoPlist.strings */; };
		8969E8A41818E5F3004B705D /* EPDropDownViewTests.m in Sources */ = {isa = PBXBuildFile; fileRef = 8969E8A31818E5F3004B705D /* EPDropDownViewTests.m */; };
		8969E8B01818E714004B705D /* EPDropDownView.m in Sources */ = {isa = PBXBuildFile; fileRef = 8969E8AF1818E714004B705D /* EPDropDownView.m */; };
/* End PBXBuildFile section */

/* Begin PBXContainerItemProxy section */
		8969E89B1818E5F3004B705D /* PBXContainerItemProxy */ = {
			isa = PBXContainerItemProxy;
			containerPortal = 8969E86A1818E5F2004B705D /* Project object */;
			proxyType = 1;
			remoteGlobalIDString = 8969E8711818E5F2004B705D;
			remoteInfo = EPDropDownView;
		};
/* End PBXContainerItemProxy section */

/* Begin PBXFileReference section */
		8969E8721818E5F2004B705D /* EPDropDownView.app */ = {isa = PBXFileReference; explicitFileType = wrapper.application; includeInIndex = 0; path = EPDropDownView.app; sourceTree = BUILT_PRODUCTS_DIR; };
		8969E8751818E5F2004B705D /* Foundation.framework */ = {isa = PBXFileReference; lastKnownFileType = wrapper.framework; name = Foundation.framework; path = System/Library/Frameworks/Foundation.framework; sourceTree = SDKROOT; };
		8969E8771818E5F2004B705D /* CoreGraphics.framework */ = {isa = PBXFileReference; lastKnownFileType = wrapper.framework; name = CoreGraphics.framework; path = System/Library/Frameworks/CoreGraphics.framework; sourceTree = SDKROOT; };
		8969E8791818E5F2004B705D /* UIKit.framework */ = {isa = PBXFileReference; lastKnownFileType = wrapper.framework; name = UIKit.framework; path = System/Library/Frameworks/UIKit.framework; sourceTree = SDKROOT; };
		8969E87D1818E5F2004B705D /* EPDropDownView-Info.plist */ = {isa = PBXFileReference; lastKnownFileType = text.plist.xml; path = "EPDropDownView-Info.plist"; sourceTree = "<group>"; };
		8969E87F1818E5F2004B705D /* en */ = {isa = PBXFileReference; lastKnownFileType = text.plist.strings; name = en; path = en.lproj/InfoPlist.strings; sourceTree = "<group>"; };
		8969E8811818E5F2004B705D /* main.m */ = {isa = PBXFileReference; lastKnownFileType = sourcecode.c.objc; path = main.m; sourceTree = "<group>"; };
		8969E8831818E5F2004B705D /* EPDropDownView-Prefix.pch */ = {isa = PBXFileReference; lastKnownFileType = sourcecode.c.h; path = "EPDropDownView-Prefix.pch"; sourceTree = "<group>"; };
		8969E8841818E5F2004B705D /* EPAppDelegate.h */ = {isa = PBXFileReference; lastKnownFileType = sourcecode.c.h; path = EPAppDelegate.h; sourceTree = "<group>"; };
		8969E8851818E5F2004B705D /* EPAppDelegate.m */ = {isa = PBXFileReference; lastKnownFileType = sourcecode.c.objc; path = EPAppDelegate.m; sourceTree = "<group>"; };
		8969E8881818E5F2004B705D /* Base */ = {isa = PBXFileReference; lastKnownFileType = file.storyboard; name = Base; path = Base.lproj/Main_iPhone.storyboard; sourceTree = "<group>"; };
		8969E88B1818E5F2004B705D /* Base */ = {isa = PBXFileReference; lastKnownFileType = file.storyboard; name = Base; path = Base.lproj/Main_iPad.storyboard; sourceTree = "<group>"; };
		8969E88D1818E5F2004B705D /* EPViewController.h */ = {isa = PBXFileReference; lastKnownFileType = sourcecode.c.h; path = EPViewController.h; sourceTree = "<group>"; };
		8969E88E1818E5F2004B705D /* EPViewController.m */ = {isa = PBXFileReference; lastKnownFileType = sourcecode.c.objc; path = EPViewController.m; sourceTree = "<group>"; };
		8969E8901818E5F2004B705D /* Images.xcassets */ = {isa = PBXFileReference; lastKnownFileType = folder.assetcatalog; path = Images.xcassets; sourceTree = "<group>"; };
		8969E8961818E5F3004B705D /* EPDropDownViewTests.xctest */ = {isa = PBXFileReference; explicitFileType = wrapper.cfbundle; includeInIndex = 0; path = EPDropDownViewTests.xctest; sourceTree = BUILT_PRODUCTS_DIR; };
		8969E8971818E5F3004B705D /* XCTest.framework */ = {isa = PBXFileReference; lastKnownFileType = wrapper.framework; name = XCTest.framework; path = Library/Frameworks/XCTest.framework; sourceTree = DEVELOPER_DIR; };
		8969E89F1818E5F3004B705D /* EPDropDownViewTests-Info.plist */ = {isa = PBXFileReference; lastKnownFileType = text.plist.xml; path = "EPDropDownViewTests-Info.plist"; sourceTree = "<group>"; };
		8969E8A11818E5F3004B705D /* en */ = {isa = PBXFileReference; lastKnownFileType = text.plist.strings; name = en; path = en.lproj/InfoPlist.strings; sourceTree = "<group>"; };
		8969E8A31818E5F3004B705D /* EPDropDownViewTests.m */ = {isa = PBXFileReference; lastKnownFileType = sourcecode.c.objc; path = EPDropDownViewTests.m; sourceTree = "<group>"; };
		8969E8AE1818E714004B705D /* EPDropDownView.h */ = {isa = PBXFileReference; fileEncoding = 4; lastKnownFileType = sourcecode.c.h; path = EPDropDownView.h; sourceTree = "<group>"; };
		8969E8AF1818E714004B705D /* EPDropDownView.m */ = {isa = PBXFileReference; fileEncoding = 4; lastKnownFileType = sourcecode.c.objc; path = EPDropDownView.m; sourceTree = "<group>"; };
/* End PBXFileReference section */

/* Begin PBXFrameworksBuildPhase section */
		8969E86F1818E5F2004B705D /* Frameworks */ = {
			isa = PBXFrameworksBuildPhase;
			buildActionMask = 2147483647;
			files = (
				8969E8781818E5F2004B705D /* CoreGraphics.framework in Frameworks */,
				8969E87A1818E5F2004B705D /* UIKit.framework in Frameworks */,
				8969E8761818E5F2004B705D /* Foundation.framework in Frameworks */,
			);
			runOnlyForDeploymentPostprocessing = 0;
		};
		8969E8931818E5F3004B705D /* Frameworks */ = {
			isa = PBXFrameworksBuildPhase;
			buildActionMask = 2147483647;
			files = (
				8969E8981818E5F3004B705D /* XCTest.framework in Frameworks */,
				8969E89A1818E5F3004B705D /* UIKit.framework in Frameworks */,
				8969E8991818E5F3004B705D /* Foundation.framework in Frameworks */,
			);
			runOnlyForDeploymentPostprocessing = 0;
		};
/* End PBXFrameworksBuildPhase section */

/* Begin PBXGroup section */
		8969E8691818E5F2004B705D = {
			isa = PBXGroup;
			children = (
				8969E87B1818E5F2004B705D /* EPDropDownView */,
				8969E89D1818E5F3004B705D /* EPDropDownViewTests */,
				8969E8741818E5F2004B705D /* Frameworks */,
				8969E8731818E5F2004B705D /* Products */,
			);
			sourceTree = "<group>";
		};
		8969E8731818E5F2004B705D /* Products */ = {
			isa = PBXGroup;
			children = (
				8969E8721818E5F2004B705D /* EPDropDownView.app */,
				8969E8961818E5F3004B705D /* EPDropDownViewTests.xctest */,
			);
			name = Products;
			sourceTree = "<group>";
		};
		8969E8741818E5F2004B705D /* Frameworks */ = {
			isa = PBXGroup;
			children = (
				8969E8751818E5F2004B705D /* Foundation.framework */,
				8969E8771818E5F2004B705D /* CoreGraphics.framework */,
				8969E8791818E5F2004B705D /* UIKit.framework */,
				8969E8971818E5F3004B705D /* XCTest.framework */,
			);
			name = Frameworks;
			sourceTree = "<group>";
		};
		8969E87B1818E5F2004B705D /* EPDropDownView */ = {
			isa = PBXGroup;
			children = (
				8969E8841818E5F2004B705D /* EPAppDelegate.h */,
				8969E8851818E5F2004B705D /* EPAppDelegate.m */,
				8969E8871818E5F2004B705D /* Main_iPhone.storyboard */,
				8969E88A1818E5F2004B705D /* Main_iPad.storyboard */,
				8969E88D1818E5F2004B705D /* EPViewController.h */,
				8969E88E1818E5F2004B705D /* EPViewController.m */,
				8969E8AD1818E687004B705D /* DPDropDownView */,
				8969E8901818E5F2004B705D /* Images.xcassets */,
				8969E87C1818E5F2004B705D /* Supporting Files */,
			);
			path = EPDropDownView;
			sourceTree = "<group>";
		};
		8969E87C1818E5F2004B705D /* Supporting Files */ = {
			isa = PBXGroup;
			children = (
				8969E87D1818E5F2004B705D /* EPDropDownView-Info.plist */,
				8969E87E1818E5F2004B705D /* InfoPlist.strings */,
				8969E8811818E5F2004B705D /* main.m */,
				8969E8831818E5F2004B705D /* EPDropDownView-Prefix.pch */,
			);
			name = "Supporting Files";
			sourceTree = "<group>";
		};
		8969E89D1818E5F3004B705D /* EPDropDownViewTests */ = {
			isa = PBXGroup;
			children = (
				8969E8A31818E5F3004B705D /* EPDropDownViewTests.m */,
				8969E89E1818E5F3004B705D /* Supporting Files */,
			);
			path = EPDropDownViewTests;
			sourceTree = "<group>";
		};
		8969E89E1818E5F3004B705D /* Supporting Files */ = {
			isa = PBXGroup;
			children = (
				8969E89F1818E5F3004B705D /* EPDropDownViewTests-Info.plist */,
				8969E8A01818E5F3004B705D /* InfoPlist.strings */,
			);
			name = "Supporting Files";
			sourceTree = "<group>";
		};
		8969E8AD1818E687004B705D /* DPDropDownView */ = {
			isa = PBXGroup;
			children = (
				8969E8AE1818E714004B705D /* EPDropDownView.h */,
				8969E8AF1818E714004B705D /* EPDropDownView.m */,
			);
			name = DPDropDownView;
			path = EPDropDownView;
			sourceTree = "<group>";
		};
/* End PBXGroup section */

/* Begin PBXNativeTarget section */
		8969E8711818E5F2004B705D /* EPDropDownView */ = {
			isa = PBXNativeTarget;
			buildConfigurationList = 8969E8A71818E5F3004B705D /* Build configuration list for PBXNativeTarget "EPDropDownView" */;
			buildPhases = (
				8969E86E1818E5F2004B705D /* Sources */,
				8969E86F1818E5F2004B705D /* Frameworks */,
				8969E8701818E5F2004B705D /* Resources */,
			);
			buildRules = (
			);
			dependencies = (
			);
			name = EPDropDownView;
			productName = EPDropDownView;
			productReference = 8969E8721818E5F2004B705D /* EPDropDownView.app */;
			productType = "com.apple.product-type.application";
		};
		8969E8951818E5F3004B705D /* EPDropDownViewTests */ = {
			isa = PBXNativeTarget;
			buildConfigurationList = 8969E8AA1818E5F3004B705D /* Build configuration list for PBXNativeTarget "EPDropDownViewTests" */;
			buildPhases = (
				8969E8921818E5F3004B705D /* Sources */,
				8969E8931818E5F3004B705D /* Frameworks */,
				8969E8941818E5F3004B705D /* Resources */,
			);
			buildRules = (
			);
			dependencies = (
				8969E89C1818E5F3004B705D /* PBXTargetDependency */,
			);
			name = EPDropDownViewTests;
			productName = EPDropDownViewTests;
			productReference = 8969E8961818E5F3004B705D /* EPDropDownViewTests.xctest */;
			productType = "com.apple.product-type.bundle.unit-test";
		};
/* End PBXNativeTarget section */

/* Begin PBXProject section */
		8969E86A1818E5F2004B705D /* Project object */ = {
			isa = PBXProject;
			attributes = {
				CLASSPREFIX = EP;
				LastUpgradeCheck = 0500;
				ORGANIZATIONNAME = "Elevated Pixels Software";
				TargetAttributes = {
					8969E8951818E5F3004B705D = {
						TestTargetID = 8969E8711818E5F2004B705D;
					};
				};
			};
			buildConfigurationList = 8969E86D1818E5F2004B705D /* Build configuration list for PBXProject "EPDropDownView" */;
			compatibilityVersion = "Xcode 3.2";
			developmentRegion = English;
			hasScannedForEncodings = 0;
			knownRegions = (
				en,
				Base,
			);
			mainGroup = 8969E8691818E5F2004B705D;
			productRefGroup = 8969E8731818E5F2004B705D /* Products */;
			projectDirPath = "";
			projectRoot = "";
			targets = (
				8969E8711818E5F2004B705D /* EPDropDownView */,
				8969E8951818E5F3004B705D /* EPDropDownViewTests */,
			);
		};
/* End PBXProject section */

/* Begin PBXResourcesBuildPhase section */
		8969E8701818E5F2004B705D /* Resources */ = {
			isa = PBXResourcesBuildPhase;
			buildActionMask = 2147483647;
			files = (
				8969E88C1818E5F2004B705D /* Main_iPad.storyboard in Resources */,
				8969E8911818E5F2004B705D /* Images.xcassets in Resources */,
				8969E8891818E5F2004B705D /* Main_iPhone.storyboard in Resources */,
				8969E8801818E5F2004B705D /* InfoPlist.strings in Resources */,
			);
			runOnlyForDeploymentPostprocessing = 0;
		};
		8969E8941818E5F3004B705D /* Resources */ = {
			isa = PBXResourcesBuildPhase;
			buildActionMask = 2147483647;
			files = (
				8969E8A21818E5F3004B705D /* InfoPlist.strings in Resources */,
			);
			runOnlyForDeploymentPostprocessing = 0;
		};
/* End PBXResourcesBuildPhase section */

/* Begin PBXSourcesBuildPhase section */
		8969E86E1818E5F2004B705D /* Sources */ = {
			isa = PBXSourcesBuildPhase;
			buildActionMask = 2147483647;
			files = (
				8969E8B01818E714004B705D /* EPDropDownView.m in Sources */,
				8969E88F1818E5F2004B705D /* EPViewController.m in Sources */,
				8969E8821818E5F2004B705D /* main.m in Sources */,
				8969E8861818E5F2004B705D /* EPAppDelegate.m in Sources */,
			);
			runOnlyForDeploymentPostprocessing = 0;
		};
		8969E8921818E5F3004B705D /* Sources */ = {
			isa = PBXSourcesBuildPhase;
			buildActionMask = 2147483647;
			files = (
				8969E8A41818E5F3004B705D /* EPDropDownViewTests.m in Sources */,
			);
			runOnlyForDeploymentPostprocessing = 0;
		};
/* End PBXSourcesBuildPhase section */

/* Begin PBXTargetDependency section */
		8969E89C1818E5F3004B705D /* PBXTargetDependency */ = {
			isa = PBXTargetDependency;
			target = 8969E8711818E5F2004B705D /* EPDropDownView */;
			targetProxy = 8969E89B1818E5F3004B705D /* PBXContainerItemProxy */;
		};
/* End PBXTargetDependency section */

/* Begin PBXVariantGroup section */
		8969E87E1818E5F2004B705D /* InfoPlist.strings */ = {
			isa = PBXVariantGroup;
			children = (
				8969E87F1818E5F2004B705D /* en */,
			);
			name = InfoPlist.strings;
			sourceTree = "<group>";
		};
		8969E8871818E5F2004B705D /* Main_iPhone.storyboard */ = {
			isa = PBXVariantGroup;
			children = (
				8969E8881818E5F2004B705D /* Base */,
			);
			name = Main_iPhone.storyboard;
			sourceTree = "<group>";
		};
		8969E88A1818E5F2004B705D /* Main_iPad.storyboard */ = {
			isa = PBXVariantGroup;
			children = (
				8969E88B1818E5F2004B705D /* Base */,
			);
			name = Main_iPad.storyboard;
			sourceTree = "<group>";
		};
		8969E8A01818E5F3004B705D /* InfoPlist.strings */ = {
			isa = PBXVariantGroup;
			children = (
				8969E8A11818E5F3004B705D /* en */,
			);
			name = InfoPlist.strings;
			sourceTree = "<group>";
		};
/* End PBXVariantGroup section */

/* Begin XCBuildConfiguration section */
		8969E8A51818E5F3004B705D /* Debug */ = {
			isa = XCBuildConfiguration;
			buildSettings = {
				ALWAYS_SEARCH_USER_PATHS = NO;
				ARCHS = "$(ARCHS_STANDARD_INCLUDING_64_BIT)";
				CLANG_CXX_LANGUAGE_STANDARD = "gnu++0x";
				CLANG_CXX_LIBRARY = "libc++";
				CLANG_ENABLE_MODULES = YES;
				CLANG_ENABLE_OBJC_ARC = YES;
				CLANG_WARN_BOOL_CONVERSION = YES;
				CLANG_WARN_CONSTANT_CONVERSION = YES;
				CLANG_WARN_DIRECT_OBJC_ISA_USAGE = YES_ERROR;
				CLANG_WARN_EMPTY_BODY = YES;
				CLANG_WARN_ENUM_CONVERSION = YES;
				CLANG_WARN_INT_CONVERSION = YES;
				CLANG_WARN_OBJC_ROOT_CLASS = YES_ERROR;
				CLANG_WARN__DUPLICATE_METHOD_MATCH = YES;
				"CODE_SIGN_IDENTITY[sdk=iphoneos*]" = "iPhone Developer";
				COPY_PHASE_STRIP = NO;
				GCC_C_LANGUAGE_STANDARD = gnu99;
				GCC_DYNAMIC_NO_PIC = NO;
				GCC_OPTIMIZATION_LEVEL = 0;
				GCC_PREPROCESSOR_DEFINITIONS = (
					"DEBUG=1",
					"$(inherited)",
				);
				GCC_SYMBOLS_PRIVATE_EXTERN = NO;
				GCC_WARN_64_TO_32_BIT_CONVERSION = YES;
				GCC_WARN_ABOUT_RETURN_TYPE = YES_ERROR;
				GCC_WARN_UNDECLARED_SELECTOR = YES;
				GCC_WARN_UNINITIALIZED_AUTOS = YES;
				GCC_WARN_UNUSED_FUNCTION = YES;
				GCC_WARN_UNUSED_VARIABLE = YES;
				IPHONEOS_DEPLOYMENT_TARGET = 7.0;
				ONLY_ACTIVE_ARCH = YES;
				SDKROOT = iphoneos;
				TARGETED_DEVICE_FAMILY = "1,2";
			};
			name = Debug;
		};
		8969E8A61818E5F3004B705D /* Release */ = {
			isa = XCBuildConfiguration;
			buildSettings = {
				ALWAYS_SEARCH_USER_PATHS = NO;
				ARCHS = "$(ARCHS_STANDARD_INCLUDING_64_BIT)";
				CLANG_CXX_LANGUAGE_STANDARD = "gnu++0x";
				CLANG_CXX_LIBRARY = "libc++";
				CLANG_ENABLE_MODULES = YES;
				CLANG_ENABLE_OBJC_ARC = YES;
				CLANG_WARN_BOOL_CONVERSION = YES;
				CLANG_WARN_CONSTANT_CONVERSION = YES;
				CLANG_WARN_DIRECT_OBJC_ISA_USAGE = YES_ERROR;
				CLANG_WARN_EMPTY_BODY = YES;
				CLANG_WARN_ENUM_CONVERSION = YES;
				CLANG_WARN_INT_CONVERSION = YES;
				CLANG_WARN_OBJC_ROOT_CLASS = YES_ERROR;
				CLANG_WARN__DUPLICATE_METHOD_MATCH = YES;
				"CODE_SIGN_IDENTITY[sdk=iphoneos*]" = "iPhone Developer";
				COPY_PHASE_STRIP = YES;
				ENABLE_NS_ASSERTIONS = NO;
				GCC_C_LANGUAGE_STANDARD = gnu99;
				GCC_WARN_64_TO_32_BIT_CONVERSION = YES;
				GCC_WARN_ABOUT_RETURN_TYPE = YES_ERROR;
				GCC_WARN_UNDECLARED_SELECTOR = YES;
				GCC_WARN_UNINITIALIZED_AUTOS = YES;
				GCC_WARN_UNUSED_FUNCTION = YES;
				GCC_WARN_UNUSED_VARIABLE = YES;
				IPHONEOS_DEPLOYMENT_TARGET = 7.0;
				SDKROOT = iphoneos;
				TARGETED_DEVICE_FAMILY = "1,2";
				VALIDATE_PRODUCT = YES;
			};
			name = Release;
		};
		8969E8A81818E5F3004B705D /* Debug */ = {
			isa = XCBuildConfiguration;
			buildSettings = {
				ASSETCATALOG_COMPILER_APPICON_NAME = AppIcon;
				ASSETCATALOG_COMPILER_LAUNCHIMAGE_NAME = LaunchImage;
				GCC_PRECOMPILE_PREFIX_HEADER = YES;
				GCC_PREFIX_HEADER = "EPDropDownView/EPDropDownView-Prefix.pch";
				INFOPLIST_FILE = "EPDropDownView/EPDropDownView-Info.plist";
				PRODUCT_NAME = "$(TARGET_NAME)";
				WRAPPER_EXTENSION = app;
			};
			name = Debug;
		};
		8969E8A91818E5F3004B705D /* Release */ = {
			isa = XCBuildConfiguration;
			buildSettings = {
				ASSETCATALOG_COMPILER_APPICON_NAME = AppIcon;
				ASSETCATALOG_COMPILER_LAUNCHIMAGE_NAME = LaunchImage;
				GCC_PRECOMPILE_PREFIX_HEADER = YES;
				GCC_PREFIX_HEADER = "EPDropDownView/EPDropDownView-Prefix.pch";
				INFOPLIST_FILE = "EPDropDownView/EPDropDownView-Info.plist";
				PRODUCT_NAME = "$(TARGET_NAME)";
				WRAPPER_EXTENSION = app;
			};
			name = Release;
		};
		8969E8AB1818E5F3004B705D /* Debug */ = {
			isa = XCBuildConfiguration;
			buildSettings = {
				ARCHS = "$(ARCHS_STANDARD_INCLUDING_64_BIT)";
				BUNDLE_LOADER = "$(BUILT_PRODUCTS_DIR)/EPDropDownView.app/EPDropDownView";
				FRAMEWORK_SEARCH_PATHS = (
					"$(SDKROOT)/Developer/Library/Frameworks",
					"$(inherited)",
					"$(DEVELOPER_FRAMEWORKS_DIR)",
				);
				GCC_PRECOMPILE_PREFIX_HEADER = YES;
				GCC_PREFIX_HEADER = "EPDropDownView/EPDropDownView-Prefix.pch";
				GCC_PREPROCESSOR_DEFINITIONS = (
					"DEBUG=1",
					"$(inherited)",
				);
				INFOPLIST_FILE = "EPDropDownViewTests/EPDropDownViewTests-Info.plist";
				PRODUCT_NAME = "$(TARGET_NAME)";
				TEST_HOST = "$(BUNDLE_LOADER)";
				WRAPPER_EXTENSION = xctest;
			};
			name = Debug;
		};
		8969E8AC1818E5F3004B705D /* Release */ = {
			isa = XCBuildConfiguration;
			buildSettings = {
				ARCHS = "$(ARCHS_STANDARD_INCLUDING_64_BIT)";
				BUNDLE_LOADER = "$(BUILT_PRODUCTS_DIR)/EPDropDownView.app/EPDropDownView";
				FRAMEWORK_SEARCH_PATHS = (
					"$(SDKROOT)/Developer/Library/Frameworks",
					"$(inherited)",
					"$(DEVELOPER_FRAMEWORKS_DIR)",
				);
				GCC_PRECOMPILE_PREFIX_HEADER = YES;
				GCC_PREFIX_HEADER = "EPDropDownView/EPDropDownView-Prefix.pch";
				INFOPLIST_FILE = "EPDropDownViewTests/EPDropDownViewTests-Info.plist";
				PRODUCT_NAME = "$(TARGET_NAME)";
				TEST_HOST = "$(BUNDLE_LOADER)";
				WRAPPER_EXTENSION = xctest;
			};
			name = Release;
		};
/* End XCBuildConfiguration section */

/* Begin XCConfigurationList section */
		8969E86D1818E5F2004B705D /* Build configuration list for PBXProject "EPDropDownView" */ = {
			isa = XCConfigurationList;
			buildConfigurations = (
				8969E8A51818E5F3004B705D /* Debug */,
				8969E8A61818E5F3004B705D /* Release */,
			);
			defaultConfigurationIsVisible = 0;
			defaultConfigurationName = Release;
		};
		8969E8A71818E5F3004B705D /* Build configuration list for PBXNativeTarget "EPDropDownView" */ = {
			isa = XCConfigurationList;
			buildConfigurations = (
				8969E8A81818E5F3004B705D /* Debug */,
				8969E8A91818E5F3004B705D /* Release */,
			);
			defaultConfigurationIsVisible = 0;
		};
		8969E8AA1818E5F3004B705D /* Build configuration list for PBXNativeTarget "EPDropDownViewTests" */ = {
			isa = XCConfigurationList;
			buildConfigurations = (
				8969E8AB1818E5F3004B705D /* Debug */,
				8969E8AC1818E5F3004B705D /* Release */,
			);
			defaultConfigurationIsVisible = 0;
		};
/* End XCConfigurationList section */
	};
	rootObject = 8969E86A1818E5F2004B705D /* Project object */;
}
